// !$*UTF8*$!
{
	archiveVersion = 1;
	classes = {
	};
	objectVersion = 77;
	objects = {

/* Begin PBXBuildFile section */
		6DEBFE072F88ACC900D258B8 /* AABridge in Frameworks */ = {isa = PBXBuildFile; productRef = 6DEBFE062F88ACC900D258B8 /* AABridge */; };
		6DEBFE092F88ACC900D258B8 /* AAplus in Frameworks */ = {isa = PBXBuildFile; productRef = 6DEBFE082F88ACC900D258B8 /* AAplus */; };
		6DEBFE0B2F88ACC900D258B8 /* SwiftAA in Frameworks */ = {isa = PBXBuildFile; productRef = 6DEBFE0A2F88ACC900D258B8 /* SwiftAA */; };
		6DEBFE0E2F88ACEE00D258B8 /* ReactorKit in Frameworks */ = {isa = PBXBuildFile; productRef = 6DEBFE0D2F88ACEE00D258B8 /* ReactorKit */; };
		6DEBFE112F88AD6B00D258B8 /* ComposableArchitecture in Frameworks */ = {isa = PBXBuildFile; productRef = 6DEBFE102F88AD6B00D258B8 /* ComposableArchitecture */; };
		6DEBFE142F88ADB000D258B8 /* RxCocoa in Frameworks */ = {isa = PBXBuildFile; productRef = 6DEBFE132F88ADB000D258B8 /* RxCocoa */; };
		6DEBFE162F88ADB000D258B8 /* RxRelay in Frameworks */ = {isa = PBXBuildFile; productRef = 6DEBFE152F88ADB000D258B8 /* RxRelay */; };
		6DEBFE182F88ADB000D258B8 /* RxSwift in Frameworks */ = {isa = PBXBuildFile; productRef = 6DEBFE172F88ADB000D258B8 /* RxSwift */; };
		6DEBFE1E2F88AEDC00D258B8 /* YunseulApp.swift in Sources */ = {isa = PBXBuildFile; fileRef = 6DEBFE1B2F88AEDC00D258B8 /* YunseulApp.swift */; };
		6DEBFE1F2F88AEDC00D258B8 /* Assets.xcassets in Resources */ = {isa = PBXBuildFile; fileRef = 6DEBFE192F88AEDC00D258B8 /* Assets.xcassets */; };
		6DEBFE302F88AFE000D258B8 /* AppFeature.swift in Sources */ = {isa = PBXBuildFile; fileRef = 6DEBFE2F2F88AFE000D258B8 /* AppFeature.swift */; };
		6DEBFE322F88AFEE00D258B8 /* OnboardingFeature.swift in Sources */ = {isa = PBXBuildFile; fileRef = 6DEBFE312F88AFEE00D258B8 /* OnboardingFeature.swift */; };
		6DEBFE342F88AFF600D258B8 /* OnboardingView.swift in Sources */ = {isa = PBXBuildFile; fileRef = 6DEBFE332F88AFF600D258B8 /* OnboardingView.swift */; };
		6DEBFE362F88AFFD00D258B8 /* HomeFeature.swift in Sources */ = {isa = PBXBuildFile; fileRef = 6DEBFE352F88AFFD00D258B8 /* HomeFeature.swift */; };
		6DEBFE382F88B00300D258B8 /* HomeView.swift in Sources */ = {isa = PBXBuildFile; fileRef = 6DEBFE372F88B00300D258B8 /* HomeView.swift */; };
		6DEBFE3A2F88B00A00D258B8 /* TracesFeature.swift in Sources */ = {isa = PBXBuildFile; fileRef = 6DEBFE392F88B00A00D258B8 /* TracesFeature.swift */; };
		6DEBFE3C2F88B01000D258B8 /* TracesView.swift in Sources */ = {isa = PBXBuildFile; fileRef = 6DEBFE3B2F88B01000D258B8 /* TracesView.swift */; };
		6DEBFE3E2F88B01500D258B8 /* SettingsFeature.swift in Sources */ = {isa = PBXBuildFile; fileRef = 6DEBFE3D2F88B01500D258B8 /* SettingsFeature.swift */; };
		6DEBFE402F88B01C00D258B8 /* SettingsView.swift in Sources */ = {isa = PBXBuildFile; fileRef = 6DEBFE3F2F88B01C00D258B8 /* SettingsView.swift */; };
		6DEBFE482F88B5A400D258B8 /* Localizable.strings in Resources */ = {isa = PBXBuildFile; fileRef = 6DEBFE462F88B5A400D258B8 /* Localizable.strings */; };
		6DEBFE4B2F88B5AA00D258B8 /* Localizable.strings in Resources */ = {isa = PBXBuildFile; fileRef = 6DEBFE492F88B5AA00D258B8 /* Localizable.strings */; };
		6DEBFE4E2F88B5AF00D258B8 /* Localizable.strings in Resources */ = {isa = PBXBuildFile; fileRef = 6DEBFE4C2F88B5AF00D258B8 /* Localizable.strings */; };
		6DEBFE502F88B71200D258B8 /* AppView.swift in Sources */ = {isa = PBXBuildFile; fileRef = 6DEBFE4F2F88B71200D258B8 /* AppView.swift */; };
		6DEBFE522F88BA7500D258B8 /* MainTabView.swift in Sources */ = {isa = PBXBuildFile; fileRef = 6DEBFE512F88BA7500D258B8 /* MainTabView.swift */; };
		6DEBFE842F88C44800D258B8 /* SplashFeature.swift in Sources */ = {isa = PBXBuildFile; fileRef = 6DEBFE832F88C44800D258B8 /* SplashFeature.swift */; };
		6DEBFE862F88C45100D258B8 /* SplashView.swift in Sources */ = {isa = PBXBuildFile; fileRef = 6DEBFE852F88C45100D258B8 /* SplashView.swift */; };
		6DEBFE882F88C6A800D258B8 /* Color+Hex.swift in Sources */ = {isa = PBXBuildFile; fileRef = 6DEBFE872F88C6A800D258B8 /* Color+Hex.swift */; };
		6DEBFE8A2F88CA1200D258B8 /* UserDefaults+Keys.swift in Sources */ = {isa = PBXBuildFile; fileRef = 6DEBFE892F88CA1200D258B8 /* UserDefaults+Keys.swift */; };
		6DEBFE8C2F88CC9200D258B8 /* Constellation.swift in Sources */ = {isa = PBXBuildFile; fileRef = 6DEBFE8B2F88CC9200D258B8 /* Constellation.swift */; };
		6DEBFE8F2F88CEA900D258B8 /* Yunseul.xcdatamodeld in Sources */ = {isa = PBXBuildFile; fileRef = 6DEBFE8D2F88CEA900D258B8 /* Yunseul.xcdatamodeld */; };
		6DEBFE912F88CEF600D258B8 /* CoreDataService.swift in Sources */ = {isa = PBXBuildFile; fileRef = 6DEBFE902F88CEF600D258B8 /* CoreDataService.swift */; };
		6DEBFE932F88D87400D258B8 /* Font+Yunseul.swift in Sources */ = {isa = PBXBuildFile; fileRef = 6DEBFE922F88D87400D258B8 /* Font+Yunseul.swift */; };
		6DEBFE952F89004300D258B8 /* ConstellationShapeView.swift in Sources */ = {isa = PBXBuildFile; fileRef = 6DEBFE942F89004300D258B8 /* ConstellationShapeView.swift */; };
/* End PBXBuildFile section */

/* Begin PBXFileReference section */
		6D057F5F2F88814100D7560D /* Yunseul.app */ = {isa = PBXFileReference; explicitFileType = wrapper.application; includeInIndex = 0; path = Yunseul.app; sourceTree = BUILT_PRODUCTS_DIR; };
		6DEBFE192F88AEDC00D258B8 /* Assets.xcassets */ = {isa = PBXFileReference; lastKnownFileType = folder.assetcatalog; path = Assets.xcassets; sourceTree = "<group>"; };
		6DEBFE1B2F88AEDC00D258B8 /* YunseulApp.swift */ = {isa = PBXFileReference; lastKnownFileType = sourcecode.swift; path = YunseulApp.swift; sourceTree = "<group>"; };
		6DEBFE2F2F88AFE000D258B8 /* AppFeature.swift */ = {isa = PBXFileReference; lastKnownFileType = sourcecode.swift; path = AppFeature.swift; sourceTree = "<group>"; };
		6DEBFE312F88AFEE00D258B8 /* OnboardingFeature.swift */ = {isa = PBXFileReference; lastKnownFileType = sourcecode.swift; path = OnboardingFeature.swift; sourceTree = "<group>"; };
		6DEBFE332F88AFF600D258B8 /* OnboardingView.swift */ = {isa = PBXFileReference; lastKnownFileType = sourcecode.swift; path = OnboardingView.swift; sourceTree = "<group>"; };
		6DEBFE352F88AFFD00D258B8 /* HomeFeature.swift */ = {isa = PBXFileReference; lastKnownFileType = sourcecode.swift; path = HomeFeature.swift; sourceTree = "<group>"; };
		6DEBFE372F88B00300D258B8 /* HomeView.swift */ = {isa = PBXFileReference; lastKnownFileType = sourcecode.swift; path = HomeView.swift; sourceTree = "<group>"; };
		6DEBFE392F88B00A00D258B8 /* TracesFeature.swift */ = {isa = PBXFileReference; lastKnownFileType = sourcecode.swift; path = TracesFeature.swift; sourceTree = "<group>"; };
		6DEBFE3B2F88B01000D258B8 /* TracesView.swift */ = {isa = PBXFileReference; lastKnownFileType = sourcecode.swift; path = TracesView.swift; sourceTree = "<group>"; };
		6DEBFE3D2F88B01500D258B8 /* SettingsFeature.swift */ = {isa = PBXFileReference; lastKnownFileType = sourcecode.swift; path = SettingsFeature.swift; sourceTree = "<group>"; };
		6DEBFE3F2F88B01C00D258B8 /* SettingsView.swift */ = {isa = PBXFileReference; lastKnownFileType = sourcecode.swift; path = SettingsView.swift; sourceTree = "<group>"; };
		6DEBFE472F88B5A400D258B8 /* ko */ = {isa = PBXFileReference; lastKnownFileType = text.plist.strings; name = ko; path = Localizable.strings; sourceTree = "<group>"; };
		6DEBFE4A2F88B5AA00D258B8 /* en */ = {isa = PBXFileReference; lastKnownFileType = text.plist.strings; name = en; path = Localizable.strings; sourceTree = "<group>"; };
		6DEBFE4D2F88B5AF00D258B8 /* ja */ = {isa = PBXFileReference; lastKnownFileType = text.plist.strings; name = ja; path = Localizable.strings; sourceTree = "<group>"; };
		6DEBFE4F2F88B71200D258B8 /* AppView.swift */ = {isa = PBXFileReference; lastKnownFileType = sourcecode.swift; path = AppView.swift; sourceTree = "<group>"; };
		6DEBFE512F88BA7500D258B8 /* MainTabView.swift */ = {isa = PBXFileReference; lastKnownFileType = sourcecode.swift; path = MainTabView.swift; sourceTree = "<group>"; };
		6DEBFE832F88C44800D258B8 /* SplashFeature.swift */ = {isa = PBXFileReference; lastKnownFileType = sourcecode.swift; path = SplashFeature.swift; sourceTree = "<group>"; };
		6DEBFE852F88C45100D258B8 /* SplashView.swift */ = {isa = PBXFileReference; lastKnownFileType = sourcecode.swift; path = SplashView.swift; sourceTree = "<group>"; };
		6DEBFE872F88C6A800D258B8 /* Color+Hex.swift */ = {isa = PBXFileReference; lastKnownFileType = sourcecode.swift; path = "Color+Hex.swift"; sourceTree = "<group>"; };
		6DEBFE892F88CA1200D258B8 /* UserDefaults+Keys.swift */ = {isa = PBXFileReference; lastKnownFileType = sourcecode.swift; path = "UserDefaults+Keys.swift"; sourceTree = "<group>"; };
		6DEBFE8B2F88CC9200D258B8 /* Constellation.swift */ = {isa = PBXFileReference; lastKnownFileType = sourcecode.swift; path = Constellation.swift; sourceTree = "<group>"; };
		6DEBFE8E2F88CEA900D258B8 /* Yunseul.xcdatamodel */ = {isa = PBXFileReference; lastKnownFileType = wrapper.xcdatamodel; path = Yunseul.xcdatamodel; sourceTree = "<group>"; };
		6DEBFE902F88CEF600D258B8 /* CoreDataService.swift */ = {isa = PBXFileReference; lastKnownFileType = sourcecode.swift; path = CoreDataService.swift; sourceTree = "<group>"; };
		6DEBFE922F88D87400D258B8 /* Font+Yunseul.swift */ = {isa = PBXFileReference; lastKnownFileType = sourcecode.swift; path = "Font+Yunseul.swift"; sourceTree = "<group>"; };
		6DEBFE942F89004300D258B8 /* ConstellationShapeView.swift */ = {isa = PBXFileReference; lastKnownFileType = sourcecode.swift; path = ConstellationShapeView.swift; sourceTree = "<group>"; };
/* End PBXFileReference section */

/* Begin PBXFrameworksBuildPhase section */
		6D057F5C2F88814100D7560D /* Frameworks */ = {
			isa = PBXFrameworksBuildPhase;
			buildActionMask = 2147483647;
			files = (
				6DEBFE142F88ADB000D258B8 /* RxCocoa in Frameworks */,
				6DEBFE112F88AD6B00D258B8 /* ComposableArchitecture in Frameworks */,
				6DEBFE162F88ADB000D258B8 /* RxRelay in Frameworks */,
				6DEBFE0B2F88ACC900D258B8 /* SwiftAA in Frameworks */,
				6DEBFE092F88ACC900D258B8 /* AAplus in Frameworks */,
				6DEBFE0E2F88ACEE00D258B8 /* ReactorKit in Frameworks */,
				6DEBFE182F88ADB000D258B8 /* RxSwift in Frameworks */,
				6DEBFE072F88ACC900D258B8 /* AABridge in Frameworks */,
			);
			runOnlyForDeploymentPostprocessing = 0;
		};
/* End PBXFrameworksBuildPhase section */

/* Begin PBXGroup section */
		6D057F562F88814100D7560D = {
			isa = PBXGroup;
			children = (
				6DEBFE1C2F88AEDC00D258B8 /* Yunseul */,
				6D057F602F88814100D7560D /* Products */,
			);
			sourceTree = "<group>";
		};
		6D057F602F88814100D7560D /* Products */ = {
			isa = PBXGroup;
			children = (
				6D057F5F2F88814100D7560D /* Yunseul.app */,
			);
			name = Products;
			sourceTree = "<group>";
		};
		6DEBFE1C2F88AEDC00D258B8 /* Yunseul */ = {
			isa = PBXGroup;
			children = (
				6DEBFE202F88AEE100D258B8 /* App */,
				6DEBFE212F88AEF700D258B8 /* Features */,
				6DEBFE222F88AF0400D258B8 /* Core */,
				6DEBFE232F88AF0E00D258B8 /* Resources */,
				6DEBFE192F88AEDC00D258B8 /* Assets.xcassets */,
			);
			path = Yunseul;
			sourceTree = "<group>";
		};
		6DEBFE202F88AEE100D258B8 /* App */ = {
			isa = PBXGroup;
			children = (
				6DEBFE1B2F88AEDC00D258B8 /* YunseulApp.swift */,
				6DEBFE2F2F88AFE000D258B8 /* AppFeature.swift */,
				6DEBFE4F2F88B71200D258B8 /* AppView.swift */,
				6DEBFE512F88BA7500D258B8 /* MainTabView.swift */,
			);
			path = App;
			sourceTree = "<group>";
		};
		6DEBFE212F88AEF700D258B8 /* Features */ = {
			isa = PBXGroup;
			children = (
				6DEBFE822F88C44200D258B8 /* Splash */,
				6DEBFE242F88AF3000D258B8 /* Onboarding */,
				6DEBFE252F88AF3300D258B8 /* Home */,
				6DEBFE262F88AF3800D258B8 /* Traces */,
				6DEBFE272F88AF3C00D258B8 /* Settings */,
			);
			path = Features;
			sourceTree = "<group>";
		};
		6DEBFE222F88AF0400D258B8 /* Core */ = {
			isa = PBXGroup;
			children = (
				6DEBFE2A2F88AF5700D258B8 /* Models */,
				6DEBFE292F88AF5300D258B8 /* Services */,
				6DEBFE282F88AF4E00D258B8 /* Extensions */,
				6DEBFE8D2F88CEA900D258B8 /* Yunseul.xcdatamodeld */,
			);
			path = Core;
			sourceTree = "<group>";
		};
		6DEBFE232F88AF0E00D258B8 /* Resources */ = {
			isa = PBXGroup;
			children = (
				6DEBFE412F88B52000D258B8 /* Localization */,
			);
			path = Resources;
			sourceTree = "<group>";
		};
		6DEBFE242F88AF3000D258B8 /* Onboarding */ = {
			isa = PBXGroup;
			children = (
				6DEBFE312F88AFEE00D258B8 /* OnboardingFeature.swift */,
				6DEBFE332F88AFF600D258B8 /* OnboardingView.swift */,
			);
			path = Onboarding;
			sourceTree = "<group>";
		};
		6DEBFE252F88AF3300D258B8 /* Home */ = {
			isa = PBXGroup;
			children = (
				6DEBFE352F88AFFD00D258B8 /* HomeFeature.swift */,
				6DEBFE372F88B00300D258B8 /* HomeView.swift */,
			);
			path = Home;
			sourceTree = "<group>";
		};
		6DEBFE262F88AF3800D258B8 /* Traces */ = {
			isa = PBXGroup;
			children = (
				6DEBFE392F88B00A00D258B8 /* TracesFeature.swift */,
				6DEBFE3B2F88B01000D258B8 /* TracesView.swift */,
			);
			path = Traces;
			sourceTree = "<group>";
		};
		6DEBFE272F88AF3C00D258B8 /* Settings */ = {
			isa = PBXGroup;
			children = (
				6DEBFE3D2F88B01500D258B8 /* SettingsFeature.swift */,
				6DEBFE3F2F88B01C00D258B8 /* SettingsView.swift */,
			);
			path = Settings;
			sourceTree = "<group>";
		};
		6DEBFE282F88AF4E00D258B8 /* Extensions */ = {
			isa = PBXGroup;
			children = (
				6DEBFE872F88C6A800D258B8 /* Color+Hex.swift */,
				6DEBFE892F88CA1200D258B8 /* UserDefaults+Keys.swift */,
				6DEBFE922F88D87400D258B8 /* Font+Yunseul.swift */,
			);
			path = Extensions;
			sourceTree = "<group>";
		};
		6DEBFE292F88AF5300D258B8 /* Services */ = {
			isa = PBXGroup;
			children = (
				6DEBFE902F88CEF600D258B8 /* CoreDataService.swift */,
			);
			path = Services;
			sourceTree = "<group>";
		};
		6DEBFE2A2F88AF5700D258B8 /* Models */ = {
			isa = PBXGroup;
			children = (
				6DEBFE8B2F88CC9200D258B8 /* Constellation.swift */,
				6DEBFE942F89004300D258B8 /* ConstellationShapeView.swift */,
			);
			path = Models;
			sourceTree = "<group>";
		};
		6DEBFE412F88B52000D258B8 /* Localization */ = {
			isa = PBXGroup;
			children = (
				6DEBFE422F88B55F00D258B8 /* ko.lproj */,
				6DEBFE452F88B58A00D258B8 /* en.lproj */,
				6DEBFE442F88B57300D258B8 /* ja.lproj */,
			);
			path = Localization;
			sourceTree = "<group>";
		};
		6DEBFE422F88B55F00D258B8 /* ko.lproj */ = {
			isa = PBXGroup;
			children = (
				6DEBFE462F88B5A400D258B8 /* Localizable.strings */,
			);
			path = ko.lproj;
			sourceTree = "<group>";
		};
		6DEBFE442F88B57300D258B8 /* ja.lproj */ = {
			isa = PBXGroup;
			children = (
				6DEBFE4C2F88B5AF00D258B8 /* Localizable.strings */,
			);
			path = ja.lproj;
			sourceTree = "<group>";
		};
		6DEBFE452F88B58A00D258B8 /* en.lproj */ = {
			isa = PBXGroup;
			children = (
				6DEBFE492F88B5AA00D258B8 /* Localizable.strings */,
			);
			path = en.lproj;
			sourceTree = "<group>";
		};
		6DEBFE822F88C44200D258B8 /* Splash */ = {
			isa = PBXGroup;
			children = (
				6DEBFE832F88C44800D258B8 /* SplashFeature.swift */,
				6DEBFE852F88C45100D258B8 /* SplashView.swift */,
			);
			path = Splash;
			sourceTree = "<group>";
		};
/* End PBXGroup section */

/* Begin PBXNativeTarget section */
		6D057F5E2F88814100D7560D /* Yunseul */ = {
			isa = PBXNativeTarget;
			buildConfigurationList = 6D057F6A2F88814300D7560D /* Build configuration list for PBXNativeTarget "Yunseul" */;
			buildPhases = (
				6D057F5B2F88814100D7560D /* Sources */,
				6D057F5C2F88814100D7560D /* Frameworks */,
				6D057F5D2F88814100D7560D /* Resources */,
			);
			buildRules = (
			);
			dependencies = (
			);
			name = Yunseul;
			packageProductDependencies = (
				6DEBFE062F88ACC900D258B8 /* AABridge */,
				6DEBFE082F88ACC900D258B8 /* AAplus */,
				6DEBFE0A2F88ACC900D258B8 /* SwiftAA */,
				6DEBFE0D2F88ACEE00D258B8 /* ReactorKit */,
				6DEBFE102F88AD6B00D258B8 /* ComposableArchitecture */,
				6DEBFE132F88ADB000D258B8 /* RxCocoa */,
				6DEBFE152F88ADB000D258B8 /* RxRelay */,
				6DEBFE172F88ADB000D258B8 /* RxSwift */,
			);
			productName = Yunseul;
			productReference = 6D057F5F2F88814100D7560D /* Yunseul.app */;
			productType = "com.apple.product-type.application";
		};
/* End PBXNativeTarget section */

/* Begin PBXProject section */
		6D057F572F88814100D7560D /* Project object */ = {
			isa = PBXProject;
			attributes = {
				BuildIndependentTargetsInParallel = 1;
				LastSwiftUpdateCheck = 2630;
				LastUpgradeCheck = 2640;
				TargetAttributes = {
					6D057F5E2F88814100D7560D = {
						CreatedOnToolsVersion = 26.3;
					};
				};
			};
			buildConfigurationList = 6D057F5A2F88814100D7560D /* Build configuration list for PBXProject "Yunseul" */;
			developmentRegion = ko;
			hasScannedForEncodings = 0;
			knownRegions = (
				en,
				Base,
				ko,
				ja,
			);
			mainGroup = 6D057F562F88814100D7560D;
			minimizedProjectReferenceProxies = 1;
			packageReferences = (
				6DEBFE052F88ACC900D258B8 /* XCRemoteSwiftPackageReference "SwiftAA" */,
				6DEBFE0C2F88ACEE00D258B8 /* XCRemoteSwiftPackageReference "ReactorKit" */,
				6DEBFE0F2F88AD6B00D258B8 /* XCRemoteSwiftPackageReference "swift-composable-architecture" */,
				6DEBFE122F88ADB000D258B8 /* XCRemoteSwiftPackageReference "RxSwift" */,
			);
			preferredProjectObjectVersion = 77;
			productRefGroup = 6D057F602F88814100D7560D /* Products */;
			projectDirPath = "";
			projectRoot = "";
			targets = (
				6D057F5E2F88814100D7560D /* Yunseul */,
			);
		};
/* End PBXProject section */

/* Begin PBXResourcesBuildPhase section */
		6D057F5D2F88814100D7560D /* Resources */ = {
			isa = PBXResourcesBuildPhase;
			buildActionMask = 2147483647;
			files = (
				6DEBFE1F2F88AEDC00D258B8 /* Assets.xcassets in Resources */,
				6DEBFE4E2F88B5AF00D258B8 /* Localizable.strings in Resources */,
				6DEBFE4B2F88B5AA00D258B8 /* Localizable.strings in Resources */,
				6DEBFE482F88B5A400D258B8 /* Localizable.strings in Resources */,
			);
			runOnlyForDeploymentPostprocessing = 0;
		};
/* End PBXResourcesBuildPhase section */

/* Begin PBXSourcesBuildPhase section */
		6D057F5B2F88814100D7560D /* Sources */ = {
			isa = PBXSourcesBuildPhase;
			buildActionMask = 2147483647;
			files = (
				6DEBFE8C2F88CC9200D258B8 /* Constellation.swift in Sources */,
				6DEBFE8A2F88CA1200D258B8 /* UserDefaults+Keys.swift in Sources */,
				6DEBFE322F88AFEE00D258B8 /* OnboardingFeature.swift in Sources */,
				6DEBFE8F2F88CEA900D258B8 /* Yunseul.xcdatamodeld in Sources */,
				6DEBFE3A2F88B00A00D258B8 /* TracesFeature.swift in Sources */,
				6DEBFE952F89004300D258B8 /* ConstellationShapeView.swift in Sources */,
				6DEBFE362F88AFFD00D258B8 /* HomeFeature.swift in Sources */,
				6DEBFE342F88AFF600D258B8 /* OnboardingView.swift in Sources */,
				6DEBFE502F88B71200D258B8 /* AppView.swift in Sources */,
				6DEBFE882F88C6A800D258B8 /* Color+Hex.swift in Sources */,
				6DEBFE3C2F88B01000D258B8 /* TracesView.swift in Sources */,
				6DEBFE402F88B01C00D258B8 /* SettingsView.swift in Sources */,
				6DEBFE382F88B00300D258B8 /* HomeView.swift in Sources */,
				6DEBFE932F88D87400D258B8 /* Font+Yunseul.swift in Sources */,
				6DEBFE3E2F88B01500D258B8 /* SettingsFeature.swift in Sources */,
				6DEBFE912F88CEF600D258B8 /* CoreDataService.swift in Sources */,
				6DEBFE302F88AFE000D258B8 /* AppFeature.swift in Sources */,
				6DEBFE1E2F88AEDC00D258B8 /* YunseulApp.swift in Sources */,
				6DEBFE522F88BA7500D258B8 /* MainTabView.swift in Sources */,
				6DEBFE842F88C44800D258B8 /* SplashFeature.swift in Sources */,
				6DEBFE862F88C45100D258B8 /* SplashView.swift in Sources */,
			);
			runOnlyForDeploymentPostprocessing = 0;
		};
/* End PBXSourcesBuildPhase section */

/* Begin PBXVariantGroup section */
		6DEBFE462F88B5A400D258B8 /* Localizable.strings */ = {
			isa = PBXVariantGroup;
			children = (
				6DEBFE472F88B5A400D258B8 /* ko */,
			);
			name = Localizable.strings;
			sourceTree = "<group>";
		};
		6DEBFE492F88B5AA00D258B8 /* Localizable.strings */ = {
			isa = PBXVariantGroup;
			children = (
				6DEBFE4A2F88B5AA00D258B8 /* en */,
			);
			name = Localizable.strings;
			sourceTree = "<group>";
		};
		6DEBFE4C2F88B5AF00D258B8 /* Localizable.strings */ = {
			isa = PBXVariantGroup;
			children = (
				6DEBFE4D2F88B5AF00D258B8 /* ja */,
			);
			name = Localizable.strings;
			sourceTree = "<group>";
		};
/* End PBXVariantGroup section */

/* Begin XCBuildConfiguration section */
		6D057F682F88814300D7560D /* Debug */ = {
			isa = XCBuildConfiguration;
			buildSettings = {
				ALWAYS_SEARCH_USER_PATHS = NO;
				ASSETCATALOG_COMPILER_GENERATE_SWIFT_ASSET_SYMBOL_EXTENSIONS = YES;
				CLANG_ANALYZER_NONNULL = YES;
				CLANG_ANALYZER_NUMBER_OBJECT_CONVERSION = YES_AGGRESSIVE;
				CLANG_CXX_LANGUAGE_STANDARD = "gnu++20";
				CLANG_ENABLE_MODULES = YES;
				CLANG_ENABLE_OBJC_ARC = YES;
				CLANG_ENABLE_OBJC_WEAK = YES;
				CLANG_WARN_BLOCK_CAPTURE_AUTORELEASING = YES;
				CLANG_WARN_BOOL_CONVERSION = YES;
				CLANG_WARN_COMMA = YES;
				CLANG_WARN_CONSTANT_CONVERSION = YES;
				CLANG_WARN_DEPRECATED_OBJC_IMPLEMENTATIONS = YES;
				CLANG_WARN_DIRECT_OBJC_ISA_USAGE = YES_ERROR;
				CLANG_WARN_DOCUMENTATION_COMMENTS = YES;
				CLANG_WARN_EMPTY_BODY = YES;
				CLANG_WARN_ENUM_CONVERSION = YES;
				CLANG_WARN_INFINITE_RECURSION = YES;
				CLANG_WARN_INT_CONVERSION = YES;
				CLANG_WARN_NON_LITERAL_NULL_CONVERSION = YES;
				CLANG_WARN_OBJC_IMPLICIT_RETAIN_SELF = YES;
				CLANG_WARN_OBJC_LITERAL_CONVERSION = YES;
				CLANG_WARN_OBJC_ROOT_CLASS = YES_ERROR;
				CLANG_WARN_QUOTED_INCLUDE_IN_FRAMEWORK_HEADER = YES;
				CLANG_WARN_RANGE_LOOP_ANALYSIS = YES;
				CLANG_WARN_STRICT_PROTOTYPES = YES;
				CLANG_WARN_SUSPICIOUS_MOVE = YES;
				CLANG_WARN_UNGUARDED_AVAILABILITY = YES_AGGRESSIVE;
				CLANG_WARN_UNREACHABLE_CODE = YES;
				CLANG_WARN__DUPLICATE_METHOD_MATCH = YES;
				COPY_PHASE_STRIP = NO;
				DEBUG_INFORMATION_FORMAT = dwarf;
				DEVELOPMENT_TEAM = 23SCTLK482;
				ENABLE_STRICT_OBJC_MSGSEND = YES;
				ENABLE_TESTABILITY = YES;
				ENABLE_USER_SCRIPT_SANDBOXING = YES;
				GCC_C_LANGUAGE_STANDARD = gnu17;
				GCC_DYNAMIC_NO_PIC = NO;
				GCC_NO_COMMON_BLOCKS = YES;
				GCC_OPTIMIZATION_LEVEL = 0;
				GCC_PREPROCESSOR_DEFINITIONS = (
					"DEBUG=1",
					"$(inherited)",
				);
				GCC_WARN_64_TO_32_BIT_CONVERSION = YES;
				GCC_WARN_ABOUT_RETURN_TYPE = YES_ERROR;
				GCC_WARN_UNDECLARED_SELECTOR = YES;
				GCC_WARN_UNINITIALIZED_AUTOS = YES_AGGRESSIVE;
				GCC_WARN_UNUSED_FUNCTION = YES;
				GCC_WARN_UNUSED_VARIABLE = YES;
				IPHONEOS_DEPLOYMENT_TARGET = 26.2;
				LOCALIZATION_PREFERS_STRING_CATALOGS = YES;
				MTL_ENABLE_DEBUG_INFO = INCLUDE_SOURCE;
				MTL_FAST_MATH = YES;
				ONLY_ACTIVE_ARCH = YES;
				SDKROOT = iphoneos;
				STRING_CATALOG_GENERATE_SYMBOLS = YES;
				SWIFT_ACTIVE_COMPILATION_CONDITIONS = "DEBUG $(inherited)";
				SWIFT_OPTIMIZATION_LEVEL = "-Onone";
				SWIFT_VERSION = 5.0;
			};
			name = Debug;
		};
		6D057F692F88814300D7560D /* Release */ = {
			isa = XCBuildConfiguration;
			buildSettings = {
				ALWAYS_SEARCH_USER_PATHS = NO;
				ASSETCATALOG_COMPILER_GENERATE_SWIFT_ASSET_SYMBOL_EXTENSIONS = YES;
				CLANG_ANALYZER_NONNULL = YES;
				CLANG_ANALYZER_NUMBER_OBJECT_CONVERSION = YES_AGGRESSIVE;
				CLANG_CXX_LANGUAGE_STANDARD = "gnu++20";
				CLANG_ENABLE_MODULES = YES;
				CLANG_ENABLE_OBJC_ARC = YES;
				CLANG_ENABLE_OBJC_WEAK = YES;
				CLANG_WARN_BLOCK_CAPTURE_AUTORELEASING = YES;
				CLANG_WARN_BOOL_CONVERSION = YES;
				CLANG_WARN_COMMA = YES;
				CLANG_WARN_CONSTANT_CONVERSION = YES;
				CLANG_WARN_DEPRECATED_OBJC_IMPLEMENTATIONS = YES;
				CLANG_WARN_DIRECT_OBJC_ISA_USAGE = YES_ERROR;
				CLANG_WARN_DOCUMENTATION_COMMENTS = YES;
				CLANG_WARN_EMPTY_BODY = YES;
				CLANG_WARN_ENUM_CONVERSION = YES;
				CLANG_WARN_INFINITE_RECURSION = YES;
				CLANG_WARN_INT_CONVERSION = YES;
				CLANG_WARN_NON_LITERAL_NULL_CONVERSION = YES;
				CLANG_WARN_OBJC_IMPLICIT_RETAIN_SELF = YES;
				CLANG_WARN_OBJC_LITERAL_CONVERSION = YES;
				CLANG_WARN_OBJC_ROOT_CLASS = YES_ERROR;
				CLANG_WARN_QUOTED_INCLUDE_IN_FRAMEWORK_HEADER = YES;
				CLANG_WARN_RANGE_LOOP_ANALYSIS = YES;
				CLANG_WARN_STRICT_PROTOTYPES = YES;
				CLANG_WARN_SUSPICIOUS_MOVE = YES;
				CLANG_WARN_UNGUARDED_AVAILABILITY = YES_AGGRESSIVE;
				CLANG_WARN_UNREACHABLE_CODE = YES;
				CLANG_WARN__DUPLICATE_METHOD_MATCH = YES;
				COPY_PHASE_STRIP = NO;
				DEBUG_INFORMATION_FORMAT = "dwarf-with-dsym";
				DEVELOPMENT_TEAM = 23SCTLK482;
				ENABLE_NS_ASSERTIONS = NO;
				ENABLE_STRICT_OBJC_MSGSEND = YES;
				ENABLE_USER_SCRIPT_SANDBOXING = YES;
				GCC_C_LANGUAGE_STANDARD = gnu17;
				GCC_NO_COMMON_BLOCKS = YES;
				GCC_WARN_64_TO_32_BIT_CONVERSION = YES;
				GCC_WARN_ABOUT_RETURN_TYPE = YES_ERROR;
				GCC_WARN_UNDECLARED_SELECTOR = YES;
				GCC_WARN_UNINITIALIZED_AUTOS = YES_AGGRESSIVE;
				GCC_WARN_UNUSED_FUNCTION = YES;
				GCC_WARN_UNUSED_VARIABLE = YES;
				IPHONEOS_DEPLOYMENT_TARGET = 26.2;
				LOCALIZATION_PREFERS_STRING_CATALOGS = YES;
				MTL_ENABLE_DEBUG_INFO = NO;
				MTL_FAST_MATH = YES;
				SDKROOT = iphoneos;
				STRING_CATALOG_GENERATE_SYMBOLS = YES;
				SWIFT_COMPILATION_MODE = wholemodule;
				SWIFT_VERSION = 5.0;
				VALIDATE_PRODUCT = YES;
			};
			name = Release;
		};
		6D057F6B2F88814300D7560D /* Debug */ = {
			isa = XCBuildConfiguration;
			buildSettings = {
				ASSETCATALOG_COMPILER_APPICON_NAME = AppIcon;
				ASSETCATALOG_COMPILER_GLOBAL_ACCENT_COLOR_NAME = AccentColor;
				CODE_SIGN_STYLE = Automatic;
				CURRENT_PROJECT_VERSION = 1;
				DEVELOPMENT_TEAM = 23SCTLK482;
				ENABLE_PREVIEWS = YES;
				GENERATE_INFOPLIST_FILE = YES;
				INFOPLIST_KEY_UIApplicationSceneManifest_Generation = YES;
				INFOPLIST_KEY_UIApplicationSupportsIndirectInputEvents = YES;
				INFOPLIST_KEY_UILaunchScreen_Generation = YES;
				INFOPLIST_KEY_UISupportedInterfaceOrientations_iPad = "UIInterfaceOrientationPortrait UIInterfaceOrientationPortraitUpsideDown UIInterfaceOrientationLandscapeLeft UIInterfaceOrientationLandscapeRight";
				INFOPLIST_KEY_UISupportedInterfaceOrientations_iPhone = "UIInterfaceOrientationPortrait UIInterfaceOrientationLandscapeLeft UIInterfaceOrientationLandscapeRight";
				IPHONEOS_DEPLOYMENT_TARGET = 17.1;
				LD_RUNPATH_SEARCH_PATHS = (
					"$(inherited)",
					"@executable_path/Frameworks",
				);
				MARKETING_VERSION = 1.0;
				PRODUCT_BUNDLE_IDENTIFIER = com.woolnd.Yunseul;
				PRODUCT_NAME = "$(TARGET_NAME)";
				STRING_CATALOG_GENERATE_SYMBOLS = YES;
				SUPPORTED_PLATFORMS = "iphoneos iphonesimulator";
				SUPPORTS_MACCATALYST = NO;
				SUPPORTS_MAC_DESIGNED_FOR_IPHONE_IPAD = NO;
				SUPPORTS_XR_DESIGNED_FOR_IPHONE_IPAD = NO;
				SWIFT_APPROACHABLE_CONCURRENCY = YES;
				SWIFT_DEFAULT_ACTOR_ISOLATION = MainActor;
				SWIFT_EMIT_LOC_STRINGS = YES;
				SWIFT_UPCOMING_FEATURE_MEMBER_IMPORT_VISIBILITY = YES;
				SWIFT_VERSION = 5.0;
				TARGETED_DEVICE_FAMILY = "1,2";
			};
			name = Debug;
		};
		6D057F6C2F88814300D7560D /* Release */ = {
			isa = XCBuildConfiguration;
			buildSettings = {
				ASSETCATALOG_COMPILER_APPICON_NAME = AppIcon;
				ASSETCATALOG_COMPILER_GLOBAL_ACCENT_COLOR_NAME = AccentColor;
				CODE_SIGN_STYLE = Automatic;
				CURRENT_PROJECT_VERSION = 1;
				DEVELOPMENT_TEAM = 23SCTLK482;
				ENABLE_PREVIEWS = YES;
				GENERATE_INFOPLIST_FILE = YES;
				INFOPLIST_KEY_UIApplicationSceneManifest_Generation = YES;
				INFOPLIST_KEY_UIApplicationSupportsIndirectInputEvents = YES;
				INFOPLIST_KEY_UILaunchScreen_Generation = YES;
				INFOPLIST_KEY_UISupportedInterfaceOrientations_iPad = "UIInterfaceOrientationPortrait UIInterfaceOrientationPortraitUpsideDown UIInterfaceOrientationLandscapeLeft UIInterfaceOrientationLandscapeRight";
				INFOPLIST_KEY_UISupportedInterfaceOrientations_iPhone = "UIInterfaceOrientationPortrait UIInterfaceOrientationLandscapeLeft UIInterfaceOrientationLandscapeRight";
				IPHONEOS_DEPLOYMENT_TARGET = 17.1;
				LD_RUNPATH_SEARCH_PATHS = (
					"$(inherited)",
					"@executable_path/Frameworks",
				);
				MARKETING_VERSION = 1.0;
				PRODUCT_BUNDLE_IDENTIFIER = com.woolnd.Yunseul;
				PRODUCT_NAME = "$(TARGET_NAME)";
				STRING_CATALOG_GENERATE_SYMBOLS = YES;
				SUPPORTED_PLATFORMS = "iphoneos iphonesimulator";
				SUPPORTS_MACCATALYST = NO;
				SUPPORTS_MAC_DESIGNED_FOR_IPHONE_IPAD = NO;
				SUPPORTS_XR_DESIGNED_FOR_IPHONE_IPAD = NO;
				SWIFT_APPROACHABLE_CONCURRENCY = YES;
				SWIFT_DEFAULT_ACTOR_ISOLATION = MainActor;
				SWIFT_EMIT_LOC_STRINGS = YES;
				SWIFT_UPCOMING_FEATURE_MEMBER_IMPORT_VISIBILITY = YES;
				SWIFT_VERSION = 5.0;
				TARGETED_DEVICE_FAMILY = "1,2";
			};
			name = Release;
		};
/* End XCBuildConfiguration section */

/* Begin XCConfigurationList section */
		6D057F5A2F88814100D7560D /* Build configuration list for PBXProject "Yunseul" */ = {
			isa = XCConfigurationList;
			buildConfigurations = (
				6D057F682F88814300D7560D /* Debug */,
				6D057F692F88814300D7560D /* Release */,
			);
			defaultConfigurationIsVisible = 0;
			defaultConfigurationName = Release;
		};
		6D057F6A2F88814300D7560D /* Build configuration list for PBXNativeTarget "Yunseul" */ = {
			isa = XCConfigurationList;
			buildConfigurations = (
				6D057F6B2F88814300D7560D /* Debug */,
				6D057F6C2F88814300D7560D /* Release */,
			);
			defaultConfigurationIsVisible = 0;
			defaultConfigurationName = Release;
		};
/* End XCConfigurationList section */

/* Begin XCRemoteSwiftPackageReference section */
		6DEBFE052F88ACC900D258B8 /* XCRemoteSwiftPackageReference "SwiftAA" */ = {
			isa = XCRemoteSwiftPackageReference;
			repositoryURL = "https://github.com/onekiloparsec/SwiftAA";
			requirement = {
				kind = upToNextMajorVersion;
				minimumVersion = 3.0.1;
			};
		};
		6DEBFE0C2F88ACEE00D258B8 /* XCRemoteSwiftPackageReference "ReactorKit" */ = {
			isa = XCRemoteSwiftPackageReference;
			repositoryURL = "https://github.com/ReactorKit/ReactorKit";
			requirement = {
				kind = upToNextMajorVersion;
				minimumVersion = 3.2.0;
			};
		};
		6DEBFE0F2F88AD6B00D258B8 /* XCRemoteSwiftPackageReference "swift-composable-architecture" */ = {
			isa = XCRemoteSwiftPackageReference;
			repositoryURL = "https://github.com/pointfreeco/swift-composable-architecture";
			requirement = {
				kind = upToNextMajorVersion;
				minimumVersion = 1.25.5;
			};
			traits = (
			);
		};
		6DEBFE122F88ADB000D258B8 /* XCRemoteSwiftPackageReference "RxSwift" */ = {
			isa = XCRemoteSwiftPackageReference;
			repositoryURL = "https://github.com/ReactiveX/RxSwift";
			requirement = {
				kind = upToNextMajorVersion;
				minimumVersion = 6.10.2;
			};
		};
/* End XCRemoteSwiftPackageReference section */

/* Begin XCSwiftPackageProductDependency section */
		6DEBFE062F88ACC900D258B8 /* AABridge */ = {
			isa = XCSwiftPackageProductDependency;
			package = 6DEBFE052F88ACC900D258B8 /* XCRemoteSwiftPackageReference "SwiftAA" */;
			productName = AABridge;
		};
		6DEBFE082F88ACC900D258B8 /* AAplus */ = {
			isa = XCSwiftPackageProductDependency;
			package = 6DEBFE052F88ACC900D258B8 /* XCRemoteSwiftPackageReference "SwiftAA" */;
			productName = AAplus;
		};
		6DEBFE0A2F88ACC900D258B8 /* SwiftAA */ = {
			isa = XCSwiftPackageProductDependency;
			package = 6DEBFE052F88ACC900D258B8 /* XCRemoteSwiftPackageReference "SwiftAA" */;
			productName = SwiftAA;
		};
		6DEBFE0D2F88ACEE00D258B8 /* ReactorKit */ = {
			isa = XCSwiftPackageProductDependency;
			package = 6DEBFE0C2F88ACEE00D258B8 /* XCRemoteSwiftPackageReference "ReactorKit" */;
			productName = ReactorKit;
		};
		6DEBFE102F88AD6B00D258B8 /* ComposableArchitecture */ = {
			isa = XCSwiftPackageProductDependency;
			package = 6DEBFE0F2F88AD6B00D258B8 /* XCRemoteSwiftPackageReference "swift-composable-architecture" */;
			productName = ComposableArchitecture;
		};
		6DEBFE132F88ADB000D258B8 /* RxCocoa */ = {
			isa = XCSwiftPackageProductDependency;
			package = 6DEBFE122F88ADB000D258B8 /* XCRemoteSwiftPackageReference "RxSwift" */;
			productName = RxCocoa;
		};
		6DEBFE152F88ADB000D258B8 /* RxRelay */ = {
			isa = XCSwiftPackageProductDependency;
			package = 6DEBFE122F88ADB000D258B8 /* XCRemoteSwiftPackageReference "RxSwift" */;
			productName = RxRelay;
		};
		6DEBFE172F88ADB000D258B8 /* RxSwift */ = {
			isa = XCSwiftPackageProductDependency;
			package = 6DEBFE122F88ADB000D258B8 /* XCRemoteSwiftPackageReference "RxSwift" */;
			productName = RxSwift;
		};
/* End XCSwiftPackageProductDependency section */

/* Begin XCVersionGroup section */
		6DEBFE8D2F88CEA900D258B8 /* Yunseul.xcdatamodeld */ = {
			isa = XCVersionGroup;
			children = (
				6DEBFE8E2F88CEA900D258B8 /* Yunseul.xcdatamodel */,
			);
			currentVersion = 6DEBFE8E2F88CEA900D258B8 /* Yunseul.xcdatamodel */;
			path = Yunseul.xcdatamodeld;
			sourceTree = "<group>";
			versionGroupType = wrapper.xcdatamodel;
		};
/* End XCVersionGroup section */
	};
	rootObject = 6D057F572F88814100D7560D /* Project object */;
}
